// !$*UTF8*$!
{
	archiveVersion = 1;
	classes = {
	};
	objectVersion = 46;
	objects = {

/* Begin PBXBuildFile section */
		A16AF3251CA873300004BFCE /* main.m in Sources */ = {isa = PBXBuildFile; fileRef = A16AF3241CA873300004BFCE /* main.m */; };
		A16AF3281CA873300004BFCE /* AppDelegate.m in Sources */ = {isa = PBXBuildFile; fileRef = A16AF3271CA873300004BFCE /* AppDelegate.m */; };
		A16AF32B1CA873300004BFCE /* ViewController.m in Sources */ = {isa = PBXBuildFile; fileRef = A16AF32A1CA873300004BFCE /* ViewController.m */; };
		A16AF32E1CA873300004BFCE /* Main.storyboard in Resources */ = {isa = PBXBuildFile; fileRef = A16AF32C1CA873300004BFCE /* Main.storyboard */; };
		A16AF3301CA873300004BFCE /* Assets.xcassets in Resources */ = {isa = PBXBuildFile; fileRef = A16AF32F1CA873300004BFCE /* Assets.xcassets */; };
		A16AF3331CA873300004BFCE /* LaunchScreen.storyboard in Resources */ = {isa = PBXBuildFile; fileRef = A16AF3311CA873300004BFCE /* LaunchScreen.storyboard */; };
/* End PBXBuildFile section */

/* Begin PBXFileReference section */
		A16AF3201CA873300004BFCE /* BaiJie.app */ = {isa = PBXFileReference; explicitFileType = wrapper.application; includeInIndex = 0; path = BaiJie.app; sourceTree = BUILT_PRODUCTS_DIR; };
		A16AF3241CA873300004BFCE /* main.m */ = {isa = PBXFileReference; lastKnownFileType = sourcecode.c.objc; path = main.m; sourceTree = "<group>"; };
		A16AF3261CA873300004BFCE /* AppDelegate.h */ = {isa = PBXFileReference; lastKnownFileType = sourcecode.c.h; path = AppDelegate.h; sourceTree = "<group>"; };
		A16AF3271CA873300004BFCE /* AppDelegate.m */ = {isa = PBXFileReference; lastKnownFileType = sourcecode.c.objc; path = AppDelegate.m; sourceTree = "<group>"; };
		A16AF3291CA873300004BFCE /* ViewController.h */ = {isa = PBXFileReference; lastKnownFileType = sourcecode.c.h; path = ViewController.h; sourceTree = "<group>"; };
		A16AF32A1CA873300004BFCE /* ViewController.m */ = {isa = PBXFileReference; lastKnownFileType = sourcecode.c.objc; path = ViewController.m; sourceTree = "<group>"; };
		A16AF32D1CA873300004BFCE /* Base */ = {isa = PBXFileReference; lastKnownFileType = file.storyboard; name = Base; path = Base.lproj/Main.storyboard; sourceTree = "<group>"; };
		A16AF32F1CA873300004BFCE /* Assets.xcassets */ = {isa = PBXFileReference; lastKnownFileType = folder.assetcatalog; path = Assets.xcassets; sourceTree = "<group>"; };
		A16AF3321CA873300004BFCE /* Base */ = {isa = PBXFileReference; lastKnownFileType = file.storyboard; name = Base; path = Base.lproj/LaunchScreen.storyboard; sourceTree = "<group>"; };
		A16AF3341CA873300004BFCE /* Info.plist */ = {isa = PBXFileReference; lastKnownFileType = text.plist.xml; path = Info.plist; sourceTree = "<group>"; };
/* End PBXFileReference section */

/* Begin PBXFrameworksBuildPhase section */
		A16AF31D1CA873300004BFCE /* Frameworks */ = {
			isa = PBXFrameworksBuildPhase;
			buildActionMask = 2147483647;
			files = (
			);
			runOnlyForDeploymentPostprocessing = 0;
		};
/* End PBXFrameworksBuildPhase section */

/* Begin PBXGroup section */
		A16AF3171CA873300004BFCE = {
			isa = PBXGroup;
			children = (
				A16AF3221CA873300004BFCE /* BaiJie */,
				A16AF3211CA873300004BFCE /* Products */,
			);
			sourceTree = "<group>";
		};
		A16AF3211CA873300004BFCE /* Products */ = {
			isa = PBXGroup;
			children = (
				A16AF3201CA873300004BFCE /* BaiJie.app */,
			);
			name = Products;
			sourceTree = "<group>";
		};
		A16AF3221CA873300004BFCE /* BaiJie */ = {
			isa = PBXGroup;
			children = (
				A16AF3261CA873300004BFCE /* AppDelegate.h */,
				A16AF3271CA873300004BFCE /* AppDelegate.m */,
				A16AF3291CA873300004BFCE /* ViewController.h */,
				A16AF32A1CA873300004BFCE /* ViewController.m */,
				A16AF32C1CA873300004BFCE /* Main.storyboard */,
				A16AF32F1CA873300004BFCE /* Assets.xcassets */,
				A16AF3311CA873300004BFCE /* LaunchScreen.storyboard */,
				A16AF3341CA873300004BFCE /* Info.plist */,
				A16AF3231CA873300004BFCE /* Supporting Files */,
			);
			path = BaiJie;
			sourceTree = "<group>";
		};
		A16AF3231CA873300004BFCE /* Supporting Files */ = {
			isa = PBXGroup;
			children = (
				A16AF3241CA873300004BFCE /* main.m */,
			);
			name = "Supporting Files";
			sourceTree = "<group>";
		};
/* End PBXGroup section */

/* Begin PBXNativeTarget section */
		A16AF31F1CA873300004BFCE /* BaiJie */ = {
			isa = PBXNativeTarget;
			buildConfigurationList = A16AF3371CA873300004BFCE /* Build configuration list for PBXNativeTarget "BaiJie" */;
			buildPhases = (
				A16AF31C1CA873300004BFCE /* Sources */,
				A16AF31D1CA873300004BFCE /* Frameworks */,
				A16AF31E1CA873300004BFCE /* Resources */,
			);
			buildRules = (
			);
			dependencies = (
			);
			name = BaiJie;
			productName = BaiJie;
			productReference = A16AF3201CA873300004BFCE /* BaiJie.app */;
			productType = "com.apple.product-type.application";
		};
/* End PBXNativeTarget section */

/* Begin PBXProject section */
		A16AF3181CA873300004BFCE /* Project object */ = {
			isa = PBXProject;
			attributes = {
				LastUpgradeCheck = 0720;
				ORGANIZATIONNAME = "Andy Hurricane";
				TargetAttributes = {
					A16AF31F1CA873300004BFCE = {
						CreatedOnToolsVersion = 7.2.1;
						DevelopmentTeam = 45J5L4SGXP;
					};
				};
			};
			buildConfigurationList = A16AF31B1CA873300004BFCE /* Build configuration list for PBXProject "BaiJie" */;
			compatibilityVersion = "Xcode 3.2";
			developmentRegion = English;
			hasScannedForEncodings = 0;
			knownRegions = (
				en,
				Base,
			);
			mainGroup = A16AF3171CA873300004BFCE;
			productRefGroup = A16AF3211CA873300004BFCE /* Products */;
			projectDirPath = "";
			projectRoot = "";
			targets = (
				A16AF31F1CA873300004BFCE /* BaiJie */,
			);
		};
/* End PBXProject section */

/* Begin PBXResourcesBuildPhase section */
		A16AF31E1CA873300004BFCE /* Resources */ = {
			isa = PBXResourcesBuildPhase;
			buildActionMask = 2147483647;
			files = (
				A16AF3331CA873300004BFCE /* LaunchScreen.storyboard in Resources */,
				A16AF3301CA873300004BFCE /* Assets.xcassets in Resources */,
				A16AF32E1CA873300004BFCE /* Main.storyboard in Resources */,
			);
			runOnlyForDeploymentPostprocessing = 0;
		};
/* End PBXResourcesBuildPhase section */

/* Begin PBXSourcesBuildPhase section */
		A16AF31C1CA873300004BFCE /* Sources */ = {
			isa = PBXSourcesBuildPhase;
			buildActionMask = 2147483647;
			files = (
				A16AF32B1CA873300004BFCE /* ViewController.m in Sources */,
				A16AF3281CA873300004BFCE /* AppDelegate.m in Sources */,
				A16AF3251CA873300004BFCE /* main.m in Sources */,
			);
			runOnlyForDeploymentPostprocessing = 0;
		};
/* End PBXSourcesBuildPhase section */

/* Begin PBXVariantGroup section */
		A16AF32C1CA873300004BFCE /* Main.storyboard */ = {
			isa = PBXVariantGroup;
			children = (
				A16AF32D1CA873300004BFCE /* Base */,
			);
			name = Main.storyboard;
			sourceTree = "<group>";
		};
		A16AF3311CA873300004BFCE /* LaunchScreen.storyboard */ = {
			isa = PBXVariantGroup;
			children = (
				A16AF3321CA873300004BFCE /* Base */,
			);
			name = LaunchScreen.storyboard;
			sourceTree = "<group>";
		};
/* End PBXVariantGroup section */

/* Begin XCBuildConfiguration section */
		A16AF3351CA873300004BFCE /* Debug */ = {
			isa = XCBuildConfiguration;
			buildSettings = {
				ALWAYS_SEARCH_USER_PATHS = NO;
				CLANG_CXX_LANGUAGE_STANDARD = "gnu++0x";
				CLANG_CXX_LIBRARY = "libc++";
				CLANG_ENABLE_MODULES = YES;
				CLANG_ENABLE_OBJC_ARC = YES;
				CLANG_WARN_BOOL_CONVERSION = YES;
				CLANG_WARN_CONSTANT_CONVERSION = YES;
				CLANG_WARN_DIRECT_OBJC_ISA_USAGE = YES_ERROR;
				CLANG_WARN_EMPTY_BODY = YES;
				CLANG_WARN_ENUM_CONVERSION = YES;
				CLANG_WARN_INT_CONVERSION = YES;
				CLANG_WARN_OBJC_ROOT_CLASS = YES_ERROR;
				CLANG_WARN_UNREACHABLE_CODE = YES;
				CLANG_WARN__DUPLICATE_METHOD_MATCH = YES;
				"CODE_SIGN_IDENTITY[sdk=iphoneos*]" = "iPhone Developer";
				COPY_PHASE_STRIP = NO;
				DEBUG_INFORMATION_FORMAT = dwarf;
				ENABLE_STRICT_OBJC_MSGSEND = YES;
				ENABLE_TESTABILITY = YES;
				GCC_C_LANGUAGE_STANDARD = gnu99;
				GCC_DYNAMIC_NO_PIC = NO;
				GCC_NO_COMMON_BLOCKS = YES;
				GCC_OPTIMIZATION_LEVEL = 0;
				GCC_PREPROCESSOR_DEFINITIONS = (
					"DEBUG=1",
					"$(inherited)",
				);
				GCC_WARN_64_TO_32_BIT_CONVERSION = YES;
				GCC_WARN_ABOUT_RETURN_TYPE = YES_ERROR;
				GCC_WARN_UNDECLARED_SELECTOR = YES;
				GCC_WARN_UNINITIALIZED_AUTOS = YES_AGGRESSIVE;
				GCC_WARN_UNUSED_FUNCTION = YES;
				GCC_WARN_UNUSED_VARIABLE = YES;
				IPHONEOS_DEPLOYMENT_TARGET = 9.2;
				MTL_ENABLE_DEBUG_INFO = YES;
				ONLY_ACTIVE_ARCH = YES;
				SDKROOT = iphoneos;
			};
			name = Debug;
		};
		A16AF3361CA873300004BFCE /* Release */ = {
			isa = XCBuildConfiguration;
			buildSettings = {
				ALWAYS_SEARCH_USER_PATHS = NO;
				CLANG_CXX_LANGUAGE_STANDARD = "gnu++0x";
				CLANG_CXX_LIBRARY = "libc++";
				CLANG_ENABLE_MODULES = YES;
				CLANG_ENABLE_OBJC_ARC = YES;
				CLANG_WARN_BOOL_CONVERSION = YES;
				CLANG_WARN_CONSTANT_CONVERSION = YES;
				CLANG_WARN_DIRECT_OBJC_ISA_USAGE = YES_ERROR;
				CLANG_WARN_EMPTY_BODY = YES;
				CLANG_WARN_ENUM_CONVERSION = YES;
				CLANG_WARN_INT_CONVERSION = YES;
				CLANG_WARN_OBJC_ROOT_CLASS = YES_ERROR;
				CLANG_WARN_UNREACHABLE_CODE = YES;
				CLANG_WARN__DUPLICATE_METHOD_MATCH = YES;
				"CODE_SIGN_IDENTITY[sdk=iphoneos*]" = "iPhone Developer";
				COPY_PHASE_STRIP = NO;
				DEBUG_INFORMATION_FORMAT = "dwarf-with-dsym";
				ENABLE_NS_ASSERTIONS = NO;
				ENABLE_STRICT_OBJC_MSGSEND = YES;
				GCC_C_LANGUAGE_STANDARD = gnu99;
				GCC_NO_COMMON_BLOCKS = YES;
				GCC_WARN_64_TO_32_BIT_CONVERSION = YES;
				GCC_WARN_ABOUT_RETURN_TYPE = YES_ERROR;
				GCC_WARN_UNDECLARED_SELECTOR = YES;
				GCC_WARN_UNINITIALIZED_AUTOS = YES_AGGRESSIVE;
				GCC_WARN_UNUSED_FUNCTION = YES;
				GCC_WARN_UNUSED_VARIABLE = YES;
				IPHONEOS_DEPLOYMENT_TARGET = 9.2;
				MTL_ENABLE_DEBUG_INFO = NO;
				SDKROOT = iphoneos;
				VALIDATE_PRODUCT = YES;
			};
			name = Release;
		};
		A16AF3381CA873300004BFCE /* Debug */ = {
			isa = XCBuildConfiguration;
			buildSettings = {
				ASSETCATALOG_COMPILER_APPICON_NAME = AppIcon;
				INFOPLIST_FILE = BaiJie/Info.plist;
				LD_RUNPATH_SEARCH_PATHS = "$(inherited) @executable_path/Frameworks";
				PRODUCT_BUNDLE_IDENTIFIER = com.AndyHurricane.BaiJie;
				PRODUCT_NAME = "$(TARGET_NAME)";
			};
			name = Debug;
		};
		A16AF3391CA873300004BFCE /* Release */ = {
			isa = XCBuildConfiguration;
			buildSettings = {
				ASSETCATALOG_COMPILER_APPICON_NAME = AppIcon;
				INFOPLIST_FILE = BaiJie/Info.plist;
				LD_RUNPATH_SEARCH_PATHS = "$(inherited) @executable_path/Frameworks";
				PRODUCT_BUNDLE_IDENTIFIER = com.AndyHurricane.BaiJie;
				PRODUCT_NAME = "$(TARGET_NAME)";
			};
			name = Release;
		};
/* End XCBuildConfiguration section */

/* Begin XCConfigurationList section */
		A16AF31B1CA873300004BFCE /* Build configuration list for PBXProject "BaiJie" */ = {
			isa = XCConfigurationList;
			buildConfigurations = (
				A16AF3351CA873300004BFCE /* Debug */,
				A16AF3361CA873300004BFCE /* Release */,
			);
			defaultConfigurationIsVisible = 0;
			defaultConfigurationName = Release;
		};
		A16AF3371CA873300004BFCE /* Build configuration list for PBXNativeTarget "BaiJie" */ = {
			isa = XCConfigurationList;
			buildConfigurations = (
				A16AF3381CA873300004BFCE /* Debug */,
				A16AF3391CA873300004BFCE /* Release */,
			);
			defaultConfigurationIsVisible = 0;
		};
/* End XCConfigurationList section */
	};
	rootObject = A16AF3181CA873300004BFCE /* Project object */;
}
